
Microsoft Visual Studio Solution File, Format Version 12.00
# Visual Studio Version 17
VisualStudioVersion = 17.0.31903.59
MinimumVisualStudioVersion = 10.0.40219.1
Project("{FAE04EC0-301F-11D3-BF4B-00C04F79EFBC}") = "ConsoleApp1", "ConsoleApp1\ConsoleApp1.csproj", "{D608CF6B-AE68-4F9E-8625-64810A2554A1}"
EndProject
Project("{FAE04EC0-301F-11D3-BF4B-00C04F79EFBC}") = "PCCO104L.Activity.8", "PCCO104L.Activity.8\PCCO104L.Activity.8.csproj", "{4B6861EC-874A-455A-90DB-407D70E026DB}"
EndProject
Global
	GlobalSection(SolutionConfigurationPlatforms) = preSolution
		Debug|Any CPU = Debug|Any CPU
		Release|Any CPU = Release|Any CPU
	EndGlobalSection
	GlobalSection(SolutionProperties) = preSolution
		HideSolutionNode = FALSE
	EndGlobalSection
	GlobalSection(ProjectConfigurationPlatforms) = postSolution
		{D608CF6B-AE68-4F9E-8625-64810A2554A1}.Debug|Any CPU.ActiveCfg = Debug|Any CPU
		{D608CF6B-AE68-4F9E-8625-64810A2554A1}.Debug|Any CPU.Build.0 = Debug|Any CPU
		{D608CF6B-AE68-4F9E-8625-64810A2554A1}.Release|Any CPU.ActiveCfg = Release|Any CPU
		{D608CF6B-AE68-4F9E-8625-64810A2554A1}.Release|Any CPU.Build.0 = Release|Any CPU
		{4B6861EC-874A-455A-90DB-407D70E026DB}.Debug|Any CPU.ActiveCfg = Debug|Any CPU
		{4B6861EC-874A-455A-90DB-407D70E026DB}.Debug|Any CPU.Build.0 = Debug|Any CPU
		{4B6861EC-874A-455A-90DB-407D70E026DB}.Release|Any CPU.ActiveCfg = Release|Any CPU
		{4B6861EC-874A-455A-90DB-407D70E026DB}.Release|Any CPU.Build.0 = Release|Any CPU
	EndGlobalSection
EndGlobal
